
Microsoft Visual Studio Solution File, Format Version 12.00
# Visual Studio 15
VisualStudioVersion = 15.0.27428.2002
MinimumVisualStudioVersion = 10.0.40219.1
Project("{FAE04EC0-301F-11D3-BF4B-00C04F79EFBC}") = "ASPServer", "ASPServerMVC\ASPServer.csproj", "{D1CEA147-2BE0-43DE-9FDB-65FAE9618520}"
	ProjectSection(ProjectDependencies) = postProject
		{636B66D2-AE3B-43EF-B13C-A888DFE859EA} = {636B66D2-AE3B-43EF-B13C-A888DFE859EA}
	EndProjectSection
EndProject
Project("{FAE04EC0-301F-11D3-BF4B-00C04F79EFBC}") = "WCFWebService", "WCFWebService\WCFWebService.csproj", "{636B66D2-AE3B-43EF-B13C-A888DFE859EA}"
EndProject
Global
	GlobalSection(SolutionConfigurationPlatforms) = preSolution
		Debug|Any CPU = Debug|Any CPU
		Release|Any CPU = Release|Any CPU
	EndGlobalSection
	GlobalSection(ProjectConfigurationPlatforms) = postSolution
		{D1CEA147-2BE0-43DE-9FDB-65FAE9618520}.Debug|Any CPU.ActiveCfg = Debug|Any CPU
		{D1CEA147-2BE0-43DE-9FDB-65FAE9618520}.Debug|Any CPU.Build.0 = Debug|Any CPU
		{D1CEA147-2BE0-43DE-9FDB-65FAE9618520}.Release|Any CPU.ActiveCfg = Release|Any CPU
		{D1CEA147-2BE0-43DE-9FDB-65FAE9618520}.Release|Any CPU.Build.0 = Release|Any CPU
		{636B66D2-AE3B-43EF-B13C-A888DFE859EA}.Debug|Any CPU.ActiveCfg = Debug|Any CPU
		{636B66D2-AE3B-43EF-B13C-A888DFE859EA}.Debug|Any CPU.Build.0 = Debug|Any CPU
		{636B66D2-AE3B-43EF-B13C-A888DFE859EA}.Release|Any CPU.ActiveCfg = Release|Any CPU
		{636B66D2-AE3B-43EF-B13C-A888DFE859EA}.Release|Any CPU.Build.0 = Release|Any CPU
	EndGlobalSection
	GlobalSection(SolutionProperties) = preSolution
		HideSolutionNode = FALSE
	EndGlobalSection
	GlobalSection(ExtensibilityGlobals) = postSolution
		SolutionGuid = {0570E295-0EBE-43E7-A040-3E4D8D4963E4}
	EndGlobalSection
EndGlobal
